
Microsoft Visual Studio Solution File, Format Version 12.00
# Visual Studio Version 16
VisualStudioVersion = 16.0.29911.84
MinimumVisualStudioVersion = 10.0.40219.1
Project("{FAE04EC0-301F-11D3-BF4B-00C04F79EFBC}") = "PriceTag", "PriceTag\PriceTag.csproj", "{AFADC54D-8EDC-4507-BE88-96CF91C5695A}"
EndProject
Global
	GlobalSection(SolutionConfigurationPlatforms) = preSolution
		Debug|Any CPU = Debug|Any CPU
		Release|Any CPU = Release|Any CPU
	EndGlobalSection
	GlobalSection(ProjectConfigurationPlatforms) = postSolution
		{AFADC54D-8EDC-4507-BE88-96CF91C5695A}.Debug|Any CPU.ActiveCfg = Debug|Any CPU
		{AFADC54D-8EDC-4507-BE88-96CF91C5695A}.Debug|Any CPU.Build.0 = Debug|Any CPU
		{AFADC54D-8EDC-4507-BE88-96CF91C5695A}.Release|Any CPU.ActiveCfg = Release|Any CPU
		{AFADC54D-8EDC-4507-BE88-96CF91C5695A}.Release|Any CPU.Build.0 = Release|Any CPU
	EndGlobalSection
	GlobalSection(SolutionProperties) = preSolution
		HideSolutionNode = FALSE
	EndGlobalSection
	GlobalSection(ExtensibilityGlobals) = postSolution
		SolutionGuid = {A3B5782C-35C6-47BF-8208-C8CB68B1D0A9}
	EndGlobalSection
EndGlobal
