
Microsoft Visual Studio Solution File, Format Version 12.00
# Visual Studio Version 16
VisualStudioVersion = 16.0.29215.179
MinimumVisualStudioVersion = 10.0.40219.1
Project("{FAE04EC0-301F-11D3-BF4B-00C04F79EFBC}") = "HashSets", "HashSets\HashSets.csproj", "{72C56DBF-27DB-4E75-B00E-F7B0DBD998D5}"
EndProject
Global
	GlobalSection(SolutionConfigurationPlatforms) = preSolution
		Debug|Any CPU = Debug|Any CPU
		Release|Any CPU = Release|Any CPU
	EndGlobalSection
	GlobalSection(ProjectConfigurationPlatforms) = postSolution
		{72C56DBF-27DB-4E75-B00E-F7B0DBD998D5}.Debug|Any CPU.ActiveCfg = Debug|Any CPU
		{72C56DBF-27DB-4E75-B00E-F7B0DBD998D5}.Debug|Any CPU.Build.0 = Debug|Any CPU
		{72C56DBF-27DB-4E75-B00E-F7B0DBD998D5}.Release|Any CPU.ActiveCfg = Release|Any CPU
		{72C56DBF-27DB-4E75-B00E-F7B0DBD998D5}.Release|Any CPU.Build.0 = Release|Any CPU
	EndGlobalSection
	GlobalSection(SolutionProperties) = preSolution
		HideSolutionNode = FALSE
	EndGlobalSection
	GlobalSection(ExtensibilityGlobals) = postSolution
		SolutionGuid = {B6306F75-4D16-4FAF-9B09-60168B7D720F}
	EndGlobalSection
EndGlobal
